
Microsoft Visual Studio Solution File, Format Version 12.00
# Visual Studio Version 16
VisualStudioVersion = 16.0.30804.86
MinimumVisualStudioVersion = 10.0.40219.1
Project("{9A19103F-16F7-4668-BE54-9A1E7A4F7556}") = "DataStructuresAndAlgorithms", "DataStructuresAndAlgorithms\DataStructuresAndAlgorithms.csproj", "{FD0EEB48-96FD-4854-9198-DF143731C90F}"
EndProject
Project("{FAE04EC0-301F-11D3-BF4B-00C04F79EFBC}") = "DataStuctureAndAlgorithms.UnitTest", "DataStuctureAndAlgorithms.UnitTest\DataStuctureAndAlgorithms.UnitTest.csproj", "{B25B068D-6CCA-4A00-82FC-C386089BB77A}"
EndProject
Global
	GlobalSection(SolutionConfigurationPlatforms) = preSolution
		Debug|Any CPU = Debug|Any CPU
		Release|Any CPU = Release|Any CPU
	EndGlobalSection
	GlobalSection(ProjectConfigurationPlatforms) = postSolution
		{FD0EEB48-96FD-4854-9198-DF143731C90F}.Debug|Any CPU.ActiveCfg = Debug|Any CPU
		{FD0EEB48-96FD-4854-9198-DF143731C90F}.Debug|Any CPU.Build.0 = Debug|Any CPU
		{FD0EEB48-96FD-4854-9198-DF143731C90F}.Release|Any CPU.ActiveCfg = Release|Any CPU
		{FD0EEB48-96FD-4854-9198-DF143731C90F}.Release|Any CPU.Build.0 = Release|Any CPU
		{B25B068D-6CCA-4A00-82FC-C386089BB77A}.Debug|Any CPU.ActiveCfg = Debug|Any CPU
		{B25B068D-6CCA-4A00-82FC-C386089BB77A}.Debug|Any CPU.Build.0 = Debug|Any CPU
		{B25B068D-6CCA-4A00-82FC-C386089BB77A}.Release|Any CPU.ActiveCfg = Release|Any CPU
		{B25B068D-6CCA-4A00-82FC-C386089BB77A}.Release|Any CPU.Build.0 = Release|Any CPU
	EndGlobalSection
	GlobalSection(SolutionProperties) = preSolution
		HideSolutionNode = FALSE
	EndGlobalSection
	GlobalSection(ExtensibilityGlobals) = postSolution
		SolutionGuid = {51B786DF-DF03-4073-9407-C14F8E3E983F}
	EndGlobalSection
EndGlobal
